
Microsoft Visual Studio Solution File, Format Version 12.00
# Visual Studio Version 17
VisualStudioVersion = 17.6.33815.320
MinimumVisualStudioVersion = 10.0.40219.1
Project("{FAE04EC0-301F-11D3-BF4B-00C04F79EFBC}") = "GoalMasters", "GoalMasters\GoalMasters.csproj", "{51B1933E-D124-4FFD-9DFD-E85C80C50E23}"
EndProject
Global
	GlobalSection(SolutionConfigurationPlatforms) = preSolution
		Debug|Any CPU = Debug|Any CPU
		Release|Any CPU = Release|Any CPU
	EndGlobalSection
	GlobalSection(ProjectConfigurationPlatforms) = postSolution
		{51B1933E-D124-4FFD-9DFD-E85C80C50E23}.Debug|Any CPU.ActiveCfg = Debug|Any CPU
		{51B1933E-D124-4FFD-9DFD-E85C80C50E23}.Debug|Any CPU.Build.0 = Debug|Any CPU
		{51B1933E-D124-4FFD-9DFD-E85C80C50E23}.Release|Any CPU.ActiveCfg = Release|Any CPU
		{51B1933E-D124-4FFD-9DFD-E85C80C50E23}.Release|Any CPU.Build.0 = Release|Any CPU
	EndGlobalSection
	GlobalSection(SolutionProperties) = preSolution
		HideSolutionNode = FALSE
	EndGlobalSection
	GlobalSection(ExtensibilityGlobals) = postSolution
		SolutionGuid = {DE076471-FCA6-4338-A32C-972080505801}
	EndGlobalSection
EndGlobal
